
Microsoft Visual Studio Solution File, Format Version 12.00
# Visual Studio Version 16
VisualStudioVersion = 16.0.35130.168
MinimumVisualStudioVersion = 10.0.40219.1
Project("{FAE04EC0-301F-11D3-BF4B-00C04F79EFBC}") = "InvoiceOCRApp2", "InvoiceOCRApp2.csproj", "{349EE568-6FA1-4571-AEB9-EED32CAF2595}"
EndProject
Global
	GlobalSection(SolutionConfigurationPlatforms) = preSolution
		Debug|Any CPU = Debug|Any CPU
		Release|Any CPU = Release|Any CPU
	EndGlobalSection
	GlobalSection(ProjectConfigurationPlatforms) = postSolution
		{349EE568-6FA1-4571-AEB9-EED32CAF2595}.Debug|Any CPU.ActiveCfg = Debug|Any CPU
		{349EE568-6FA1-4571-AEB9-EED32CAF2595}.Debug|Any CPU.Build.0 = Debug|Any CPU
		{349EE568-6FA1-4571-AEB9-EED32CAF2595}.Release|Any CPU.ActiveCfg = Release|Any CPU
		{349EE568-6FA1-4571-AEB9-EED32CAF2595}.Release|Any CPU.Build.0 = Release|Any CPU
	EndGlobalSection
	GlobalSection(SolutionProperties) = preSolution
		HideSolutionNode = FALSE
	EndGlobalSection
	GlobalSection(ExtensibilityGlobals) = postSolution
		SolutionGuid = {AF8A06B5-8A53-4EC5-8CE5-B05A30FD5731}
	EndGlobalSection
EndGlobal
